
Microsoft Visual Studio Solution File, Format Version 12.00
# Visual Studio Version 17
VisualStudioVersion = 17.13.35913.81 d17.13
MinimumVisualStudioVersion = 10.0.40219.1
Project("{FAE04EC0-301F-11D3-BF4B-00C04F79EFBC}") = "BookingApp.Data", "BookingApp.Data\BookingApp.Data.csproj", "{D8296C46-BD0E-4694-953E-2E2670F79266}"
EndProject
Project("{FAE04EC0-301F-11D3-BF4B-00C04F79EFBC}") = "BookingApp.Business", "BookingApp.Business\BookingApp.Business.csproj", "{5228B2FB-EA46-4F6D-B869-4876C428E0FF}"
EndProject
Project("{FAE04EC0-301F-11D3-BF4B-00C04F79EFBC}") = "BookingApp.WebApi", "BookingApp.WebApi\BookingApp.WebApi.csproj", "{50A2D2FC-015E-4B10-B009-41689947DED1}"
EndProject
Global
	GlobalSection(SolutionConfigurationPlatforms) = preSolution
		Debug|Any CPU = Debug|Any CPU
		Release|Any CPU = Release|Any CPU
	EndGlobalSection
	GlobalSection(ProjectConfigurationPlatforms) = postSolution
		{D8296C46-BD0E-4694-953E-2E2670F79266}.Debug|Any CPU.ActiveCfg = Debug|Any CPU
		{D8296C46-BD0E-4694-953E-2E2670F79266}.Debug|Any CPU.Build.0 = Debug|Any CPU
		{D8296C46-BD0E-4694-953E-2E2670F79266}.Release|Any CPU.ActiveCfg = Release|Any CPU
		{D8296C46-BD0E-4694-953E-2E2670F79266}.Release|Any CPU.Build.0 = Release|Any CPU
		{5228B2FB-EA46-4F6D-B869-4876C428E0FF}.Debug|Any CPU.ActiveCfg = Debug|Any CPU
		{5228B2FB-EA46-4F6D-B869-4876C428E0FF}.Debug|Any CPU.Build.0 = Debug|Any CPU
		{5228B2FB-EA46-4F6D-B869-4876C428E0FF}.Release|Any CPU.ActiveCfg = Release|Any CPU
		{5228B2FB-EA46-4F6D-B869-4876C428E0FF}.Release|Any CPU.Build.0 = Release|Any CPU
		{50A2D2FC-015E-4B10-B009-41689947DED1}.Debug|Any CPU.ActiveCfg = Debug|Any CPU
		{50A2D2FC-015E-4B10-B009-41689947DED1}.Debug|Any CPU.Build.0 = Debug|Any CPU
		{50A2D2FC-015E-4B10-B009-41689947DED1}.Release|Any CPU.ActiveCfg = Release|Any CPU
		{50A2D2FC-015E-4B10-B009-41689947DED1}.Release|Any CPU.Build.0 = Release|Any CPU
	EndGlobalSection
	GlobalSection(SolutionProperties) = preSolution
		HideSolutionNode = FALSE
	EndGlobalSection
	GlobalSection(ExtensibilityGlobals) = postSolution
		SolutionGuid = {CCC35892-B214-4AF8-988F-E629A7C49372}
	EndGlobalSection
EndGlobal
